
Microsoft Visual Studio Solution File, Format Version 12.00
# Visual Studio Version 17
VisualStudioVersion = 17.11.35327.3
MinimumVisualStudioVersion = 10.0.40219.1
Project("{FAE04EC0-301F-11D3-BF4B-00C04F79EFBC}") = "TaskManagementSystem", "TaskManagementSystem\TaskManagementSystem.csproj", "{61AD24EC-D688-4AD3-8BE1-AEFDBEB45938}"
EndProject
Global
	GlobalSection(SolutionConfigurationPlatforms) = preSolution
		Debug|Any CPU = Debug|Any CPU
		Release|Any CPU = Release|Any CPU
	EndGlobalSection
	GlobalSection(ProjectConfigurationPlatforms) = postSolution
		{61AD24EC-D688-4AD3-8BE1-AEFDBEB45938}.Debug|Any CPU.ActiveCfg = Debug|Any CPU
		{61AD24EC-D688-4AD3-8BE1-AEFDBEB45938}.Debug|Any CPU.Build.0 = Debug|Any CPU
		{61AD24EC-D688-4AD3-8BE1-AEFDBEB45938}.Release|Any CPU.ActiveCfg = Release|Any CPU
		{61AD24EC-D688-4AD3-8BE1-AEFDBEB45938}.Release|Any CPU.Build.0 = Release|Any CPU
	EndGlobalSection
	GlobalSection(SolutionProperties) = preSolution
		HideSolutionNode = FALSE
	EndGlobalSection
	GlobalSection(ExtensibilityGlobals) = postSolution
		SolutionGuid = {4CF915B0-F674-4478-84FD-B81D0560CB36}
	EndGlobalSection
EndGlobal
